// !$*UTF8*$!
{
	archiveVersion = 1;
	classes = {
	};
	objectVersion = 56;
	objects = {

/* Begin PBXBuildFile section */
		553C4E582A9BEEF500F01B9D /* ProfileCmsAdminApp.swift in Sources */ = {isa = PBXBuildFile; fileRef = 553C4E572A9BEEF500F01B9D /* ProfileCmsAdminApp.swift */; };
		553C4E5A2A9BEEF500F01B9D /* ContentView.swift in Sources */ = {isa = PBXBuildFile; fileRef = 553C4E592A9BEEF500F01B9D /* ContentView.swift */; };
		553C4E5C2A9BEEF600F01B9D /* Assets.xcassets in Resources */ = {isa = PBXBuildFile; fileRef = 553C4E5B2A9BEEF600F01B9D /* Assets.xcassets */; };
		553C4E5F2A9BEEF600F01B9D /* Preview Assets.xcassets in Resources */ = {isa = PBXBuildFile; fileRef = 553C4E5E2A9BEEF600F01B9D /* Preview Assets.xcassets */; };
		553C4E6A2A9BEEF600F01B9D /* ProfileCmsAdminTests.swift in Sources */ = {isa = PBXBuildFile; fileRef = 553C4E692A9BEEF600F01B9D /* ProfileCmsAdminTests.swift */; };
		553C4E742A9BEEF700F01B9D /* ProfileCmsAdminUITests.swift in Sources */ = {isa = PBXBuildFile; fileRef = 553C4E732A9BEEF700F01B9D /* ProfileCmsAdminUITests.swift */; };
		553C4E762A9BEEF700F01B9D /* ProfileCmsAdminUITestsLaunchTests.swift in Sources */ = {isa = PBXBuildFile; fileRef = 553C4E752A9BEEF700F01B9D /* ProfileCmsAdminUITestsLaunchTests.swift */; };
/* End PBXBuildFile section */

/* Begin PBXContainerItemProxy section */
		553C4E662A9BEEF600F01B9D /* PBXContainerItemProxy */ = {
			isa = PBXContainerItemProxy;
			containerPortal = 553C4E4C2A9BEEF400F01B9D /* Project object */;
			proxyType = 1;
			remoteGlobalIDString = 553C4E532A9BEEF500F01B9D;
			remoteInfo = ProfileCmsAdmin;
		};
		553C4E702A9BEEF700F01B9D /* PBXContainerItemProxy */ = {
			isa = PBXContainerItemProxy;
			containerPortal = 553C4E4C2A9BEEF400F01B9D /* Project object */;
			proxyType = 1;
			remoteGlobalIDString = 553C4E532A9BEEF500F01B9D;
			remoteInfo = ProfileCmsAdmin;
		};
/* End PBXContainerItemProxy section */

/* Begin PBXFileReference section */
		553C4E542A9BEEF500F01B9D /* ProfileCmsAdmin.app */ = {isa = PBXFileReference; explicitFileType = wrapper.application; includeInIndex = 0; path = ProfileCmsAdmin.app; sourceTree = BUILT_PRODUCTS_DIR; };
		553C4E572A9BEEF500F01B9D /* ProfileCmsAdminApp.swift */ = {isa = PBXFileReference; lastKnownFileType = sourcecode.swift; path = ProfileCmsAdminApp.swift; sourceTree = "<group>"; };
		553C4E592A9BEEF500F01B9D /* ContentView.swift */ = {isa = PBXFileReference; lastKnownFileType = sourcecode.swift; path = ContentView.swift; sourceTree = "<group>"; };
		553C4E5B2A9BEEF600F01B9D /* Assets.xcassets */ = {isa = PBXFileReference; lastKnownFileType = folder.assetcatalog; path = Assets.xcassets; sourceTree = "<group>"; };
		553C4E5E2A9BEEF600F01B9D /* Preview Assets.xcassets */ = {isa = PBXFileReference; lastKnownFileType = folder.assetcatalog; path = "Preview Assets.xcassets"; sourceTree = "<group>"; };
		553C4E602A9BEEF600F01B9D /* ProfileCmsAdmin.entitlements */ = {isa = PBXFileReference; lastKnownFileType = text.plist.entitlements; path = ProfileCmsAdmin.entitlements; sourceTree = "<group>"; };
		553C4E652A9BEEF600F01B9D /* ProfileCmsAdminTests.xctest */ = {isa = PBXFileReference; explicitFileType = wrapper.cfbundle; includeInIndex = 0; path = ProfileCmsAdminTests.xctest; sourceTree = BUILT_PRODUCTS_DIR; };
		553C4E692A9BEEF600F01B9D /* ProfileCmsAdminTests.swift */ = {isa = PBXFileReference; lastKnownFileType = sourcecode.swift; path = ProfileCmsAdminTests.swift; sourceTree = "<group>"; };
		553C4E6F2A9BEEF700F01B9D /* ProfileCmsAdminUITests.xctest */ = {isa = PBXFileReference; explicitFileType = wrapper.cfbundle; includeInIndex = 0; path = ProfileCmsAdminUITests.xctest; sourceTree = BUILT_PRODUCTS_DIR; };
		553C4E732A9BEEF700F01B9D /* ProfileCmsAdminUITests.swift */ = {isa = PBXFileReference; lastKnownFileType = sourcecode.swift; path = ProfileCmsAdminUITests.swift; sourceTree = "<group>"; };
		553C4E752A9BEEF700F01B9D /* ProfileCmsAdminUITestsLaunchTests.swift */ = {isa = PBXFileReference; lastKnownFileType = sourcecode.swift; path = ProfileCmsAdminUITestsLaunchTests.swift; sourceTree = "<group>"; };
/* End PBXFileReference section */

/* Begin PBXFrameworksBuildPhase section */
		553C4E512A9BEEF500F01B9D /* Frameworks */ = {
			isa = PBXFrameworksBuildPhase;
			buildActionMask = 2147483647;
			files = (
			);
			runOnlyForDeploymentPostprocessing = 0;
		};
		553C4E622A9BEEF600F01B9D /* Frameworks */ = {
			isa = PBXFrameworksBuildPhase;
			buildActionMask = 2147483647;
			files = (
			);
			runOnlyForDeploymentPostprocessing = 0;
		};
		553C4E6C2A9BEEF700F01B9D /* Frameworks */ = {
			isa = PBXFrameworksBuildPhase;
			buildActionMask = 2147483647;
			files = (
			);
			runOnlyForDeploymentPostprocessing = 0;
		};
/* End PBXFrameworksBuildPhase section */

/* Begin PBXGroup section */
		553C4E4B2A9BEEF400F01B9D = {
			isa = PBXGroup;
			children = (
				553C4E562A9BEEF500F01B9D /* ProfileCmsAdmin */,
				553C4E682A9BEEF600F01B9D /* ProfileCmsAdminTests */,
				553C4E722A9BEEF700F01B9D /* ProfileCmsAdminUITests */,
				553C4E552A9BEEF500F01B9D /* Products */,
			);
			sourceTree = "<group>";
		};
		553C4E552A9BEEF500F01B9D /* Products */ = {
			isa = PBXGroup;
			children = (
				553C4E542A9BEEF500F01B9D /* ProfileCmsAdmin.app */,
				553C4E652A9BEEF600F01B9D /* ProfileCmsAdminTests.xctest */,
				553C4E6F2A9BEEF700F01B9D /* ProfileCmsAdminUITests.xctest */,
			);
			name = Products;
			sourceTree = "<group>";
		};
		553C4E562A9BEEF500F01B9D /* ProfileCmsAdmin */ = {
			isa = PBXGroup;
			children = (
				553C4E572A9BEEF500F01B9D /* ProfileCmsAdminApp.swift */,
				553C4E592A9BEEF500F01B9D /* ContentView.swift */,
				553C4E5B2A9BEEF600F01B9D /* Assets.xcassets */,
				553C4E602A9BEEF600F01B9D /* ProfileCmsAdmin.entitlements */,
				553C4E5D2A9BEEF600F01B9D /* Preview Content */,
			);
			path = ProfileCmsAdmin;
			sourceTree = "<group>";
		};
		553C4E5D2A9BEEF600F01B9D /* Preview Content */ = {
			isa = PBXGroup;
			children = (
				553C4E5E2A9BEEF600F01B9D /* Preview Assets.xcassets */,
			);
			path = "Preview Content";
			sourceTree = "<group>";
		};
		553C4E682A9BEEF600F01B9D /* ProfileCmsAdminTests */ = {
			isa = PBXGroup;
			children = (
				553C4E692A9BEEF600F01B9D /* ProfileCmsAdminTests.swift */,
			);
			path = ProfileCmsAdminTests;
			sourceTree = "<group>";
		};
		553C4E722A9BEEF700F01B9D /* ProfileCmsAdminUITests */ = {
			isa = PBXGroup;
			children = (
				553C4E732A9BEEF700F01B9D /* ProfileCmsAdminUITests.swift */,
				553C4E752A9BEEF700F01B9D /* ProfileCmsAdminUITestsLaunchTests.swift */,
			);
			path = ProfileCmsAdminUITests;
			sourceTree = "<group>";
		};
/* End PBXGroup section */

/* Begin PBXNativeTarget section */
		553C4E532A9BEEF500F01B9D /* ProfileCmsAdmin */ = {
			isa = PBXNativeTarget;
			buildConfigurationList = 553C4E792A9BEEF700F01B9D /* Build configuration list for PBXNativeTarget "ProfileCmsAdmin" */;
			buildPhases = (
				553C4E502A9BEEF500F01B9D /* Sources */,
				553C4E512A9BEEF500F01B9D /* Frameworks */,
				553C4E522A9BEEF500F01B9D /* Resources */,
			);
			buildRules = (
			);
			dependencies = (
			);
			name = ProfileCmsAdmin;
			productName = ProfileCmsAdmin;
			productReference = 553C4E542A9BEEF500F01B9D /* ProfileCmsAdmin.app */;
			productType = "com.apple.product-type.application";
		};
		553C4E642A9BEEF600F01B9D /* ProfileCmsAdminTests */ = {
			isa = PBXNativeTarget;
			buildConfigurationList = 553C4E7C2A9BEEF700F01B9D /* Build configuration list for PBXNativeTarget "ProfileCmsAdminTests" */;
			buildPhases = (
				553C4E612A9BEEF600F01B9D /* Sources */,
				553C4E622A9BEEF600F01B9D /* Frameworks */,
				553C4E632A9BEEF600F01B9D /* Resources */,
			);
			buildRules = (
			);
			dependencies = (
				553C4E672A9BEEF600F01B9D /* PBXTargetDependency */,
			);
			name = ProfileCmsAdminTests;
			productName = ProfileCmsAdminTests;
			productReference = 553C4E652A9BEEF600F01B9D /* ProfileCmsAdminTests.xctest */;
			productType = "com.apple.product-type.bundle.unit-test";
		};
		553C4E6E2A9BEEF700F01B9D /* ProfileCmsAdminUITests */ = {
			isa = PBXNativeTarget;
			buildConfigurationList = 553C4E7F2A9BEEF700F01B9D /* Build configuration list for PBXNativeTarget "ProfileCmsAdminUITests" */;
			buildPhases = (
				553C4E6B2A9BEEF700F01B9D /* Sources */,
				553C4E6C2A9BEEF700F01B9D /* Frameworks */,
				553C4E6D2A9BEEF700F01B9D /* Resources */,
			);
			buildRules = (
			);
			dependencies = (
				553C4E712A9BEEF700F01B9D /* PBXTargetDependency */,
			);
			name = ProfileCmsAdminUITests;
			productName = ProfileCmsAdminUITests;
			productReference = 553C4E6F2A9BEEF700F01B9D /* ProfileCmsAdminUITests.xctest */;
			productType = "com.apple.product-type.bundle.ui-testing";
		};
/* End PBXNativeTarget section */

/* Begin PBXProject section */
		553C4E4C2A9BEEF400F01B9D /* Project object */ = {
			isa = PBXProject;
			attributes = {
				BuildIndependentTargetsInParallel = 1;
				LastSwiftUpdateCheck = 1430;
				LastUpgradeCheck = 1430;
				TargetAttributes = {
					553C4E532A9BEEF500F01B9D = {
						CreatedOnToolsVersion = 14.3;
					};
					553C4E642A9BEEF600F01B9D = {
						CreatedOnToolsVersion = 14.3;
						TestTargetID = 553C4E532A9BEEF500F01B9D;
					};
					553C4E6E2A9BEEF700F01B9D = {
						CreatedOnToolsVersion = 14.3;
						TestTargetID = 553C4E532A9BEEF500F01B9D;
					};
				};
			};
			buildConfigurationList = 553C4E4F2A9BEEF400F01B9D /* Build configuration list for PBXProject "ProfileCmsAdmin" */;
			compatibilityVersion = "Xcode 14.0";
			developmentRegion = en;
			hasScannedForEncodings = 0;
			knownRegions = (
				en,
				Base,
			);
			mainGroup = 553C4E4B2A9BEEF400F01B9D;
			productRefGroup = 553C4E552A9BEEF500F01B9D /* Products */;
			projectDirPath = "";
			projectRoot = "";
			targets = (
				553C4E532A9BEEF500F01B9D /* ProfileCmsAdmin */,
				553C4E642A9BEEF600F01B9D /* ProfileCmsAdminTests */,
				553C4E6E2A9BEEF700F01B9D /* ProfileCmsAdminUITests */,
			);
		};
/* End PBXProject section */

/* Begin PBXResourcesBuildPhase section */
		553C4E522A9BEEF500F01B9D /* Resources */ = {
			isa = PBXResourcesBuildPhase;
			buildActionMask = 2147483647;
			files = (
				553C4E5F2A9BEEF600F01B9D /* Preview Assets.xcassets in Resources */,
				553C4E5C2A9BEEF600F01B9D /* Assets.xcassets in Resources */,
			);
			runOnlyForDeploymentPostprocessing = 0;
		};
		553C4E632A9BEEF600F01B9D /* Resources */ = {
			isa = PBXResourcesBuildPhase;
			buildActionMask = 2147483647;
			files = (
			);
			runOnlyForDeploymentPostprocessing = 0;
		};
		553C4E6D2A9BEEF700F01B9D /* Resources */ = {
			isa = PBXResourcesBuildPhase;
			buildActionMask = 2147483647;
			files = (
			);
			runOnlyForDeploymentPostprocessing = 0;
		};
/* End PBXResourcesBuildPhase section */

/* Begin PBXSourcesBuildPhase section */
		553C4E502A9BEEF500F01B9D /* Sources */ = {
			isa = PBXSourcesBuildPhase;
			buildActionMask = 2147483647;
			files = (
				553C4E5A2A9BEEF500F01B9D /* ContentView.swift in Sources */,
				553C4E582A9BEEF500F01B9D /* ProfileCmsAdminApp.swift in Sources */,
			);
			runOnlyForDeploymentPostprocessing = 0;
		};
		553C4E612A9BEEF600F01B9D /* Sources */ = {
			isa = PBXSourcesBuildPhase;
			buildActionMask = 2147483647;
			files = (
				553C4E6A2A9BEEF600F01B9D /* ProfileCmsAdminTests.swift in Sources */,
			);
			runOnlyForDeploymentPostprocessing = 0;
		};
		553C4E6B2A9BEEF700F01B9D /* Sources */ = {
			isa = PBXSourcesBuildPhase;
			buildActionMask = 2147483647;
			files = (
				553C4E762A9BEEF700F01B9D /* ProfileCmsAdminUITestsLaunchTests.swift in Sources */,
				553C4E742A9BEEF700F01B9D /* ProfileCmsAdminUITests.swift in Sources */,
			);
			runOnlyForDeploymentPostprocessing = 0;
		};
/* End PBXSourcesBuildPhase section */

/* Begin PBXTargetDependency section */
		553C4E672A9BEEF600F01B9D /* PBXTargetDependency */ = {
			isa = PBXTargetDependency;
			target = 553C4E532A9BEEF500F01B9D /* ProfileCmsAdmin */;
			targetProxy = 553C4E662A9BEEF600F01B9D /* PBXContainerItemProxy */;
		};
		553C4E712A9BEEF700F01B9D /* PBXTargetDependency */ = {
			isa = PBXTargetDependency;
			target = 553C4E532A9BEEF500F01B9D /* ProfileCmsAdmin */;
			targetProxy = 553C4E702A9BEEF700F01B9D /* PBXContainerItemProxy */;
		};
/* End PBXTargetDependency section */

/* Begin XCBuildConfiguration section */
		553C4E772A9BEEF700F01B9D /* Debug */ = {
			isa = XCBuildConfiguration;
			buildSettings = {
				ALWAYS_SEARCH_USER_PATHS = NO;
				CLANG_ANALYZER_NONNULL = YES;
				CLANG_ANALYZER_NUMBER_OBJECT_CONVERSION = YES_AGGRESSIVE;
				CLANG_CXX_LANGUAGE_STANDARD = "gnu++20";
				CLANG_ENABLE_MODULES = YES;
				CLANG_ENABLE_OBJC_ARC = YES;
				CLANG_ENABLE_OBJC_WEAK = YES;
				CLANG_WARN_BLOCK_CAPTURE_AUTORELEASING = YES;
				CLANG_WARN_BOOL_CONVERSION = YES;
				CLANG_WARN_COMMA = YES;
				CLANG_WARN_CONSTANT_CONVERSION = YES;
				CLANG_WARN_DEPRECATED_OBJC_IMPLEMENTATIONS = YES;
				CLANG_WARN_DIRECT_OBJC_ISA_USAGE = YES_ERROR;
				CLANG_WARN_DOCUMENTATION_COMMENTS = YES;
				CLANG_WARN_EMPTY_BODY = YES;
				CLANG_WARN_ENUM_CONVERSION = YES;
				CLANG_WARN_INFINITE_RECURSION = YES;
				CLANG_WARN_INT_CONVERSION = YES;
				CLANG_WARN_NON_LITERAL_NULL_CONVERSION = YES;
				CLANG_WARN_OBJC_IMPLICIT_RETAIN_SELF = YES;
				CLANG_WARN_OBJC_LITERAL_CONVERSION = YES;
				CLANG_WARN_OBJC_ROOT_CLASS = YES_ERROR;
				CLANG_WARN_QUOTED_INCLUDE_IN_FRAMEWORK_HEADER = YES;
				CLANG_WARN_RANGE_LOOP_ANALYSIS = YES;
				CLANG_WARN_STRICT_PROTOTYPES = YES;
				CLANG_WARN_SUSPICIOUS_MOVE = YES;
				CLANG_WARN_UNGUARDED_AVAILABILITY = YES_AGGRESSIVE;
				CLANG_WARN_UNREACHABLE_CODE = YES;
				CLANG_WARN__DUPLICATE_METHOD_MATCH = YES;
				COPY_PHASE_STRIP = NO;
				DEBUG_INFORMATION_FORMAT = dwarf;
				ENABLE_STRICT_OBJC_MSGSEND = YES;
				ENABLE_TESTABILITY = YES;
				GCC_C_LANGUAGE_STANDARD = gnu11;
				GCC_DYNAMIC_NO_PIC = NO;
				GCC_NO_COMMON_BLOCKS = YES;
				GCC_OPTIMIZATION_LEVEL = 0;
				GCC_PREPROCESSOR_DEFINITIONS = (
					"DEBUG=1",
					"$(inherited)",
				);
				GCC_WARN_64_TO_32_BIT_CONVERSION = YES;
				GCC_WARN_ABOUT_RETURN_TYPE = YES_ERROR;
				GCC_WARN_UNDECLARED_SELECTOR = YES;
				GCC_WARN_UNINITIALIZED_AUTOS = YES_AGGRESSIVE;
				GCC_WARN_UNUSED_FUNCTION = YES;
				GCC_WARN_UNUSED_VARIABLE = YES;
				MACOSX_DEPLOYMENT_TARGET = 13.2;
				MTL_ENABLE_DEBUG_INFO = INCLUDE_SOURCE;
				MTL_FAST_MATH = YES;
				ONLY_ACTIVE_ARCH = YES;
				SDKROOT = macosx;
				SWIFT_ACTIVE_COMPILATION_CONDITIONS = DEBUG;
				SWIFT_OPTIMIZATION_LEVEL = "-Onone";
			};
			name = Debug;
		};
		553C4E782A9BEEF700F01B9D /* Release */ = {
			isa = XCBuildConfiguration;
			buildSettings = {
				ALWAYS_SEARCH_USER_PATHS = NO;
				CLANG_ANALYZER_NONNULL = YES;
				CLANG_ANALYZER_NUMBER_OBJECT_CONVERSION = YES_AGGRESSIVE;
				CLANG_CXX_LANGUAGE_STANDARD = "gnu++20";
				CLANG_ENABLE_MODULES = YES;
				CLANG_ENABLE_OBJC_ARC = YES;
				CLANG_ENABLE_OBJC_WEAK = YES;
				CLANG_WARN_BLOCK_CAPTURE_AUTORELEASING = YES;
				CLANG_WARN_BOOL_CONVERSION = YES;
				CLANG_WARN_COMMA = YES;
				CLANG_WARN_CONSTANT_CONVERSION = YES;
				CLANG_WARN_DEPRECATED_OBJC_IMPLEMENTATIONS = YES;
				CLANG_WARN_DIRECT_OBJC_ISA_USAGE = YES_ERROR;
				CLANG_WARN_DOCUMENTATION_COMMENTS = YES;
				CLANG_WARN_EMPTY_BODY = YES;
				CLANG_WARN_ENUM_CONVERSION = YES;
				CLANG_WARN_INFINITE_RECURSION = YES;
				CLANG_WARN_INT_CONVERSION = YES;
				CLANG_WARN_NON_LITERAL_NULL_CONVERSION = YES;
				CLANG_WARN_OBJC_IMPLICIT_RETAIN_SELF = YES;
				CLANG_WARN_OBJC_LITERAL_CONVERSION = YES;
				CLANG_WARN_OBJC_ROOT_CLASS = YES_ERROR;
				CLANG_WARN_QUOTED_INCLUDE_IN_FRAMEWORK_HEADER = YES;
				CLANG_WARN_RANGE_LOOP_ANALYSIS = YES;
				CLANG_WARN_STRICT_PROTOTYPES = YES;
				CLANG_WARN_SUSPICIOUS_MOVE = YES;
				CLANG_WARN_UNGUARDED_AVAILABILITY = YES_AGGRESSIVE;
				CLANG_WARN_UNREACHABLE_CODE = YES;
				CLANG_WARN__DUPLICATE_METHOD_MATCH = YES;
				COPY_PHASE_STRIP = NO;
				DEBUG_INFORMATION_FORMAT = "dwarf-with-dsym";
				ENABLE_NS_ASSERTIONS = NO;
				ENABLE_STRICT_OBJC_MSGSEND = YES;
				GCC_C_LANGUAGE_STANDARD = gnu11;
				GCC_NO_COMMON_BLOCKS = YES;
				GCC_WARN_64_TO_32_BIT_CONVERSION = YES;
				GCC_WARN_ABOUT_RETURN_TYPE = YES_ERROR;
				GCC_WARN_UNDECLARED_SELECTOR = YES;
				GCC_WARN_UNINITIALIZED_AUTOS = YES_AGGRESSIVE;
				GCC_WARN_UNUSED_FUNCTION = YES;
				GCC_WARN_UNUSED_VARIABLE = YES;
				MACOSX_DEPLOYMENT_TARGET = 13.2;
				MTL_ENABLE_DEBUG_INFO = NO;
				MTL_FAST_MATH = YES;
				SDKROOT = macosx;
				SWIFT_COMPILATION_MODE = wholemodule;
				SWIFT_OPTIMIZATION_LEVEL = "-O";
			};
			name = Release;
		};
		553C4E7A2A9BEEF700F01B9D /* Debug */ = {
			isa = XCBuildConfiguration;
			buildSettings = {
				ASSETCATALOG_COMPILER_APPICON_NAME = AppIcon;
				ASSETCATALOG_COMPILER_GLOBAL_ACCENT_COLOR_NAME = AccentColor;
				CODE_SIGN_ENTITLEMENTS = ProfileCmsAdmin/ProfileCmsAdmin.entitlements;
				CODE_SIGN_STYLE = Automatic;
				COMBINE_HIDPI_IMAGES = YES;
				CURRENT_PROJECT_VERSION = 1;
				DEVELOPMENT_ASSET_PATHS = "\"ProfileCmsAdmin/Preview Content\"";
				DEVELOPMENT_TEAM = 7X539NR79Y;
				ENABLE_HARDENED_RUNTIME = YES;
				ENABLE_PREVIEWS = YES;
				GENERATE_INFOPLIST_FILE = YES;
				INFOPLIST_KEY_NSHumanReadableCopyright = "";
				LD_RUNPATH_SEARCH_PATHS = (
					"$(inherited)",
					"@executable_path/../Frameworks",
				);
				MARKETING_VERSION = 1.0;
				PRODUCT_BUNDLE_IDENTIFIER = com.hjusic.ProfileCmsAdmin;
				PRODUCT_NAME = "$(TARGET_NAME)";
				SWIFT_EMIT_LOC_STRINGS = YES;
				SWIFT_VERSION = 5.0;
			};
			name = Debug;
		};
		553C4E7B2A9BEEF700F01B9D /* Release */ = {
			isa = XCBuildConfiguration;
			buildSettings = {
				ASSETCATALOG_COMPILER_APPICON_NAME = AppIcon;
				ASSETCATALOG_COMPILER_GLOBAL_ACCENT_COLOR_NAME = AccentColor;
				CODE_SIGN_ENTITLEMENTS = ProfileCmsAdmin/ProfileCmsAdmin.entitlements;
				CODE_SIGN_STYLE = Automatic;
				COMBINE_HIDPI_IMAGES = YES;
				CURRENT_PROJECT_VERSION = 1;
				DEVELOPMENT_ASSET_PATHS = "\"ProfileCmsAdmin/Preview Content\"";
				DEVELOPMENT_TEAM = 7X539NR79Y;
				ENABLE_HARDENED_RUNTIME = YES;
				ENABLE_PREVIEWS = YES;
				GENERATE_INFOPLIST_FILE = YES;
				INFOPLIST_KEY_NSHumanReadableCopyright = "";
				LD_RUNPATH_SEARCH_PATHS = (
					"$(inherited)",
					"@executable_path/../Frameworks",
				);
				MARKETING_VERSION = 1.0;
				PRODUCT_BUNDLE_IDENTIFIER = com.hjusic.ProfileCmsAdmin;
				PRODUCT_NAME = "$(TARGET_NAME)";
				SWIFT_EMIT_LOC_STRINGS = YES;
				SWIFT_VERSION = 5.0;
			};
			name = Release;
		};
		553C4E7D2A9BEEF700F01B9D /* Debug */ = {
			isa = XCBuildConfiguration;
			buildSettings = {
				ALWAYS_EMBED_SWIFT_STANDARD_LIBRARIES = YES;
				BUNDLE_LOADER = "$(TEST_HOST)";
				CODE_SIGN_STYLE = Automatic;
				CURRENT_PROJECT_VERSION = 1;
				DEVELOPMENT_TEAM = 7X539NR79Y;
				GENERATE_INFOPLIST_FILE = YES;
				MACOSX_DEPLOYMENT_TARGET = 13.2;
				MARKETING_VERSION = 1.0;
				PRODUCT_BUNDLE_IDENTIFIER = com.hjusic.ProfileCmsAdminTests;
				PRODUCT_NAME = "$(TARGET_NAME)";
				SWIFT_EMIT_LOC_STRINGS = NO;
				SWIFT_VERSION = 5.0;
				TEST_HOST = "$(BUILT_PRODUCTS_DIR)/ProfileCmsAdmin.app/$(BUNDLE_EXECUTABLE_FOLDER_PATH)/ProfileCmsAdmin";
			};
			name = Debug;
		};
		553C4E7E2A9BEEF700F01B9D /* Release */ = {
			isa = XCBuildConfiguration;
			buildSettings = {
				ALWAYS_EMBED_SWIFT_STANDARD_LIBRARIES = YES;
				BUNDLE_LOADER = "$(TEST_HOST)";
				CODE_SIGN_STYLE = Automatic;
				CURRENT_PROJECT_VERSION = 1;
				DEVELOPMENT_TEAM = 7X539NR79Y;
				GENERATE_INFOPLIST_FILE = YES;
				MACOSX_DEPLOYMENT_TARGET = 13.2;
				MARKETING_VERSION = 1.0;
				PRODUCT_BUNDLE_IDENTIFIER = com.hjusic.ProfileCmsAdminTests;
				PRODUCT_NAME = "$(TARGET_NAME)";
				SWIFT_EMIT_LOC_STRINGS = NO;
				SWIFT_VERSION = 5.0;
				TEST_HOST = "$(BUILT_PRODUCTS_DIR)/ProfileCmsAdmin.app/$(BUNDLE_EXECUTABLE_FOLDER_PATH)/ProfileCmsAdmin";
			};
			name = Release;
		};
		553C4E802A9BEEF700F01B9D /* Debug */ = {
			isa = XCBuildConfiguration;
			buildSettings = {
				ALWAYS_EMBED_SWIFT_STANDARD_LIBRARIES = YES;
				CODE_SIGN_STYLE = Automatic;
				CURRENT_PROJECT_VERSION = 1;
				DEVELOPMENT_TEAM = 7X539NR79Y;
				GENERATE_INFOPLIST_FILE = YES;
				MARKETING_VERSION = 1.0;
				PRODUCT_BUNDLE_IDENTIFIER = com.hjusic.ProfileCmsAdminUITests;
				PRODUCT_NAME = "$(TARGET_NAME)";
				SWIFT_EMIT_LOC_STRINGS = NO;
				SWIFT_VERSION = 5.0;
				TEST_TARGET_NAME = ProfileCmsAdmin;
			};
			name = Debug;
		};
		553C4E812A9BEEF700F01B9D /* Release */ = {
			isa = XCBuildConfiguration;
			buildSettings = {
				ALWAYS_EMBED_SWIFT_STANDARD_LIBRARIES = YES;
				CODE_SIGN_STYLE = Automatic;
				CURRENT_PROJECT_VERSION = 1;
				DEVELOPMENT_TEAM = 7X539NR79Y;
				GENERATE_INFOPLIST_FILE = YES;
				MARKETING_VERSION = 1.0;
				PRODUCT_BUNDLE_IDENTIFIER = com.hjusic.ProfileCmsAdminUITests;
				PRODUCT_NAME = "$(TARGET_NAME)";
				SWIFT_EMIT_LOC_STRINGS = NO;
				SWIFT_VERSION = 5.0;
				TEST_TARGET_NAME = ProfileCmsAdmin;
			};
			name = Release;
		};
/* End XCBuildConfiguration section */

/* Begin XCConfigurationList section */
		553C4E4F2A9BEEF400F01B9D /* Build configuration list for PBXProject "ProfileCmsAdmin" */ = {
			isa = XCConfigurationList;
			buildConfigurations = (
				553C4E772A9BEEF700F01B9D /* Debug */,
				553C4E782A9BEEF700F01B9D /* Release */,
			);
			defaultConfigurationIsVisible = 0;
			defaultConfigurationName = Release;
		};
		553C4E792A9BEEF700F01B9D /* Build configuration list for PBXNativeTarget "ProfileCmsAdmin" */ = {
			isa = XCConfigurationList;
			buildConfigurations = (
				553C4E7A2A9BEEF700F01B9D /* Debug */,
				553C4E7B2A9BEEF700F01B9D /* Release */,
			);
			defaultConfigurationIsVisible = 0;
			defaultConfigurationName = Release;
		};
		553C4E7C2A9BEEF700F01B9D /* Build configuration list for PBXNativeTarget "ProfileCmsAdminTests" */ = {
			isa = XCConfigurationList;
			buildConfigurations = (
				553C4E7D2A9BEEF700F01B9D /* Debug */,
				553C4E7E2A9BEEF700F01B9D /* Release */,
			);
			defaultConfigurationIsVisible = 0;
			defaultConfigurationName = Release;
		};
		553C4E7F2A9BEEF700F01B9D /* Build configuration list for PBXNativeTarget "ProfileCmsAdminUITests" */ = {
			isa = XCConfigurationList;
			buildConfigurations = (
				553C4E802A9BEEF700F01B9D /* Debug */,
				553C4E812A9BEEF700F01B9D /* Release */,
			);
			defaultConfigurationIsVisible = 0;
			defaultConfigurationName = Release;
		};
/* End XCConfigurationList section */
	};
	rootObject = 553C4E4C2A9BEEF400F01B9D /* Project object */;
}
